
Microsoft Visual Studio Solution File, Format Version 12.00
# Visual Studio Version 16
VisualStudioVersion = 25.0.1706.9
MinimumVisualStudioVersion = 10.0.40219.1
Project("{FAE04EC0-301F-11D3-BF4B-00C04F79EFBC}") = "PyramidArrayKata", "PyramidArrayKata\PyramidArrayKata.csproj", "{61D2BB8B-5A9C-434A-8751-C20D4602C275}"
EndProject
Project("{FAE04EC0-301F-11D3-BF4B-00C04F79EFBC}") = "PyramidArrayTests", "PyramidArrayTests\PyramidArrayTests.csproj", "{B72221FC-924D-42D0-8DA9-12E2EF0C4D2E}"
EndProject
Global
	GlobalSection(SolutionConfigurationPlatforms) = preSolution
		Debug|Any CPU = Debug|Any CPU
		Release|Any CPU = Release|Any CPU
	EndGlobalSection
	GlobalSection(ProjectConfigurationPlatforms) = postSolution
		{61D2BB8B-5A9C-434A-8751-C20D4602C275}.Debug|Any CPU.ActiveCfg = Debug|Any CPU
		{61D2BB8B-5A9C-434A-8751-C20D4602C275}.Debug|Any CPU.Build.0 = Debug|Any CPU
		{61D2BB8B-5A9C-434A-8751-C20D4602C275}.Release|Any CPU.ActiveCfg = Release|Any CPU
		{61D2BB8B-5A9C-434A-8751-C20D4602C275}.Release|Any CPU.Build.0 = Release|Any CPU
		{B72221FC-924D-42D0-8DA9-12E2EF0C4D2E}.Debug|Any CPU.ActiveCfg = Debug|Any CPU
		{B72221FC-924D-42D0-8DA9-12E2EF0C4D2E}.Debug|Any CPU.Build.0 = Debug|Any CPU
		{B72221FC-924D-42D0-8DA9-12E2EF0C4D2E}.Release|Any CPU.ActiveCfg = Release|Any CPU
		{B72221FC-924D-42D0-8DA9-12E2EF0C4D2E}.Release|Any CPU.Build.0 = Release|Any CPU
	EndGlobalSection
	GlobalSection(SolutionProperties) = preSolution
		HideSolutionNode = FALSE
	EndGlobalSection
	GlobalSection(ExtensibilityGlobals) = postSolution
		SolutionGuid = {AEE0514C-A914-4F86-8247-B43FEBF8D575}
	EndGlobalSection
EndGlobal
